
Microsoft Visual Studio Solution File, Format Version 12.00
# Visual Studio 14
VisualStudioVersion = 14.0.25123.0
MinimumVisualStudioVersion = 10.0.40219.1
Project("{FAE04EC0-301F-11D3-BF4B-00C04F79EFBC}") = "Filetracker test", "Filetracker test\Filetracker test.csproj", "{DE3A4C77-20F0-441B-847E-858DC5F9900D}"
EndProject
Global
	GlobalSection(SolutionConfigurationPlatforms) = preSolution
		Debug|Any CPU = Debug|Any CPU
		Release|Any CPU = Release|Any CPU
	EndGlobalSection
	GlobalSection(ProjectConfigurationPlatforms) = postSolution
		{DE3A4C77-20F0-441B-847E-858DC5F9900D}.Debug|Any CPU.ActiveCfg = Debug|Any CPU
		{DE3A4C77-20F0-441B-847E-858DC5F9900D}.Debug|Any CPU.Build.0 = Debug|Any CPU
		{DE3A4C77-20F0-441B-847E-858DC5F9900D}.Release|Any CPU.ActiveCfg = Release|Any CPU
		{DE3A4C77-20F0-441B-847E-858DC5F9900D}.Release|Any CPU.Build.0 = Release|Any CPU
	EndGlobalSection
	GlobalSection(SolutionProperties) = preSolution
		HideSolutionNode = FALSE
	EndGlobalSection
EndGlobal
